{"is_source_file": false, "format": "", "description": "", "external_files": [], "external_methods": [], "published": [], "classes": [], "methods": [], "calls": [], "search-terms": [], "state": 2, "file_id": 23, "knowledge_revision": 47, "git_revision": "2399f37af065b6ca02802c115b565ac01075a1f7", "hash": "e9b4c3b42cef0193b7fddb548d37e652", "format-version": 4, "code-base-name": "default", "filename": "webtictactoe/post_process_status.lock", "revision_history": [{"47": "2399f37af065b6ca02802c115b565ac01075a1f7"}]}